
Microsoft Visual Studio Solution File, Format Version 12.00
# Visual Studio 15
VisualStudioVersion = 15.0.28307.106
MinimumVisualStudioVersion = 10.0.40219.1
Project("{FAE04EC0-301F-11D3-BF4B-00C04F79EFBC}") = "QLCuocDT", "QLCuocDT\QLCuocDT.csproj", "{53A50F51-0CFD-4734-A10C-6233F0EC4DCB}"
EndProject
Global
	GlobalSection(SolutionConfigurationPlatforms) = preSolution
		Debug|Any CPU = Debug|Any CPU
		Release|Any CPU = Release|Any CPU
	EndGlobalSection
	GlobalSection(ProjectConfigurationPlatforms) = postSolution
		{53A50F51-0CFD-4734-A10C-6233F0EC4DCB}.Debug|Any CPU.ActiveCfg = Debug|Any CPU
		{53A50F51-0CFD-4734-A10C-6233F0EC4DCB}.Debug|Any CPU.Build.0 = Debug|Any CPU
		{53A50F51-0CFD-4734-A10C-6233F0EC4DCB}.Release|Any CPU.ActiveCfg = Release|Any CPU
		{53A50F51-0CFD-4734-A10C-6233F0EC4DCB}.Release|Any CPU.Build.0 = Release|Any CPU
	EndGlobalSection
	GlobalSection(SolutionProperties) = preSolution
		HideSolutionNode = FALSE
	EndGlobalSection
	GlobalSection(ExtensibilityGlobals) = postSolution
		SolutionGuid = {68604128-82DC-4EF6-9491-06AD74C25CF5}
	EndGlobalSection
EndGlobal
